// !$*UTF8*$!
{
	archiveVersion = 1;
	classes = {
	};
	objectVersion = 46;
	objects = {

/* Begin PBXBuildFile section */
		17B8D98F1ABC58DB00C31C99 /* main.m in Sources */ = {isa = PBXBuildFile; fileRef = 17B8D98E1ABC58DB00C31C99 /* main.m */; };
		17B8D9921ABC58DB00C31C99 /* AppDelegate.m in Sources */ = {isa = PBXBuildFile; fileRef = 17B8D9911ABC58DB00C31C99 /* AppDelegate.m */; };
		17B8D9951ABC58DB00C31C99 /* ViewController.m in Sources */ = {isa = PBXBuildFile; fileRef = 17B8D9941ABC58DB00C31C99 /* ViewController.m */; };
		17B8D9981ABC58DB00C31C99 /* Main.storyboard in Resources */ = {isa = PBXBuildFile; fileRef = 17B8D9961ABC58DB00C31C99 /* Main.storyboard */; };
		17B8D99A1ABC58DB00C31C99 /* Images.xcassets in Resources */ = {isa = PBXBuildFile; fileRef = 17B8D9991ABC58DB00C31C99 /* Images.xcassets */; };
		17B8D99D1ABC58DB00C31C99 /* LaunchScreen.xib in Resources */ = {isa = PBXBuildFile; fileRef = 17B8D99B1ABC58DB00C31C99 /* LaunchScreen.xib */; };
		17B8D9A91ABC58DB00C31C99 /* iWatchHelloWorldTests.m in Sources */ = {isa = PBXBuildFile; fileRef = 17B8D9A81ABC58DB00C31C99 /* iWatchHelloWorldTests.m */; };
		17B8D9BD1ABC58ED00C31C99 /* InterfaceController.m in Sources */ = {isa = PBXBuildFile; fileRef = 17B8D9BC1ABC58ED00C31C99 /* InterfaceController.m */; };
		17B8D9C01ABC58ED00C31C99 /* NotificationController.m in Sources */ = {isa = PBXBuildFile; fileRef = 17B8D9BF1ABC58ED00C31C99 /* NotificationController.m */; };
		17B8D9C21ABC58ED00C31C99 /* Images.xcassets in Resources */ = {isa = PBXBuildFile; fileRef = 17B8D9C11ABC58ED00C31C99 /* Images.xcassets */; };
		17B8D9C61ABC58ED00C31C99 /* iWatchHelloWorld WatchKit App.app in Resources */ = {isa = PBXBuildFile; fileRef = 17B8D9C51ABC58ED00C31C99 /* iWatchHelloWorld WatchKit App.app */; };
		17B8D9CE1ABC58EE00C31C99 /* Interface.storyboard in Resources */ = {isa = PBXBuildFile; fileRef = 17B8D9CC1ABC58EE00C31C99 /* Interface.storyboard */; };
		17B8D9D01ABC58EE00C31C99 /* Images.xcassets in Resources */ = {isa = PBXBuildFile; fileRef = 17B8D9CF1ABC58EE00C31C99 /* Images.xcassets */; };
		17B8D9D31ABC58EE00C31C99 /* iWatchHelloWorld WatchKit Extension.appex in Embed App Extensions */ = {isa = PBXBuildFile; fileRef = 17B8D9B61ABC58ED00C31C99 /* iWatchHelloWorld WatchKit Extension.appex */; settings = {ATTRIBUTES = (RemoveHeadersOnCopy, ); }; };
		17B8D9E11ABC5F8000C31C99 /* Screen Shot 2015-03-20 at 7.06.49 pm.png in Resources */ = {isa = PBXBuildFile; fileRef = 17B8D9DF1ABC5F8000C31C99 /* Screen Shot 2015-03-20 at 7.06.49 pm.png */; };
		17B8D9E21ABC5F8000C31C99 /* Screen Shot 2015-03-20 at 7.07.05 pm.png in Resources */ = {isa = PBXBuildFile; fileRef = 17B8D9E01ABC5F8000C31C99 /* Screen Shot 2015-03-20 at 7.07.05 pm.png */; };
/* End PBXBuildFile section */

/* Begin PBXContainerItemProxy section */
		17B8D9A31ABC58DB00C31C99 /* PBXContainerItemProxy */ = {
			isa = PBXContainerItemProxy;
			containerPortal = 17B8D9811ABC58DB00C31C99 /* Project object */;
			proxyType = 1;
			remoteGlobalIDString = 17B8D9881ABC58DB00C31C99;
			remoteInfo = iWatchHelloWorld;
		};
		17B8D9C71ABC58ED00C31C99 /* PBXContainerItemProxy */ = {
			isa = PBXContainerItemProxy;
			containerPortal = 17B8D9811ABC58DB00C31C99 /* Project object */;
			proxyType = 1;
			remoteGlobalIDString = 17B8D9C41ABC58ED00C31C99;
			remoteInfo = "iWatchHelloWorld WatchKit App";
		};
		17B8D9D11ABC58EE00C31C99 /* PBXContainerItemProxy */ = {
			isa = PBXContainerItemProxy;
			containerPortal = 17B8D9811ABC58DB00C31C99 /* Project object */;
			proxyType = 1;
			remoteGlobalIDString = 17B8D9B51ABC58ED00C31C99;
			remoteInfo = "iWatchHelloWorld WatchKit Extension";
		};
/* End PBXContainerItemProxy section */

/* Begin PBXCopyFilesBuildPhase section */
		17B8D9DA1ABC58EE00C31C99 /* Embed App Extensions */ = {
			isa = PBXCopyFilesBuildPhase;
			buildActionMask = 2147483647;
			dstPath = "";
			dstSubfolderSpec = 13;
			files = (
				17B8D9D31ABC58EE00C31C99 /* iWatchHelloWorld WatchKit Extension.appex in Embed App Extensions */,
			);
			name = "Embed App Extensions";
			runOnlyForDeploymentPostprocessing = 0;
		};
/* End PBXCopyFilesBuildPhase section */

/* Begin PBXFileReference section */
		17B8D9891ABC58DB00C31C99 /* iWatchHelloWorld.app */ = {isa = PBXFileReference; explicitFileType = wrapper.application; includeInIndex = 0; path = iWatchHelloWorld.app; sourceTree = BUILT_PRODUCTS_DIR; };
		17B8D98D1ABC58DB00C31C99 /* Info.plist */ = {isa = PBXFileReference; lastKnownFileType = text.plist.xml; path = Info.plist; sourceTree = "<group>"; };
		17B8D98E1ABC58DB00C31C99 /* main.m */ = {isa = PBXFileReference; lastKnownFileType = sourcecode.c.objc; path = main.m; sourceTree = "<group>"; };
		17B8D9901ABC58DB00C31C99 /* AppDelegate.h */ = {isa = PBXFileReference; lastKnownFileType = sourcecode.c.h; path = AppDelegate.h; sourceTree = "<group>"; };
		17B8D9911ABC58DB00C31C99 /* AppDelegate.m */ = {isa = PBXFileReference; lastKnownFileType = sourcecode.c.objc; path = AppDelegate.m; sourceTree = "<group>"; };
		17B8D9931ABC58DB00C31C99 /* ViewController.h */ = {isa = PBXFileReference; lastKnownFileType = sourcecode.c.h; path = ViewController.h; sourceTree = "<group>"; };
		17B8D9941ABC58DB00C31C99 /* ViewController.m */ = {isa = PBXFileReference; lastKnownFileType = sourcecode.c.objc; path = ViewController.m; sourceTree = "<group>"; };
		17B8D9971ABC58DB00C31C99 /* Base */ = {isa = PBXFileReference; lastKnownFileType = file.storyboard; name = Base; path = Base.lproj/Main.storyboard; sourceTree = "<group>"; };
		17B8D9991ABC58DB00C31C99 /* Images.xcassets */ = {isa = PBXFileReference; lastKnownFileType = folder.assetcatalog; path = Images.xcassets; sourceTree = "<group>"; };
		17B8D99C1ABC58DB00C31C99 /* Base */ = {isa = PBXFileReference; lastKnownFileType = file.xib; name = Base; path = Base.lproj/LaunchScreen.xib; sourceTree = "<group>"; };
		17B8D9A21ABC58DB00C31C99 /* iWatchHelloWorldTests.xctest */ = {isa = PBXFileReference; explicitFileType = wrapper.cfbundle; includeInIndex = 0; path = iWatchHelloWorldTests.xctest; sourceTree = BUILT_PRODUCTS_DIR; };
		17B8D9A71ABC58DB00C31C99 /* Info.plist */ = {isa = PBXFileReference; lastKnownFileType = text.plist.xml; path = Info.plist; sourceTree = "<group>"; };
		17B8D9A81ABC58DB00C31C99 /* iWatchHelloWorldTests.m */ = {isa = PBXFileReference; lastKnownFileType = sourcecode.c.objc; path = iWatchHelloWorldTests.m; sourceTree = "<group>"; };
		17B8D9B61ABC58ED00C31C99 /* iWatchHelloWorld WatchKit Extension.appex */ = {isa = PBXFileReference; explicitFileType = "wrapper.app-extension"; includeInIndex = 0; path = "iWatchHelloWorld WatchKit Extension.appex"; sourceTree = BUILT_PRODUCTS_DIR; };
		17B8D9B91ABC58ED00C31C99 /* Info.plist */ = {isa = PBXFileReference; lastKnownFileType = text.plist.xml; path = Info.plist; sourceTree = "<group>"; };
		17B8D9BA1ABC58ED00C31C99 /* PushNotificationPayload.apns */ = {isa = PBXFileReference; lastKnownFileType = text; path = PushNotificationPayload.apns; sourceTree = "<group>"; };
		17B8D9BB1ABC58ED00C31C99 /* InterfaceController.h */ = {isa = PBXFileReference; lastKnownFileType = sourcecode.c.h; path = InterfaceController.h; sourceTree = "<group>"; };
		17B8D9BC1ABC58ED00C31C99 /* InterfaceController.m */ = {isa = PBXFileReference; lastKnownFileType = sourcecode.c.objc; path = InterfaceController.m; sourceTree = "<group>"; };
		17B8D9BE1ABC58ED00C31C99 /* NotificationController.h */ = {isa = PBXFileReference; lastKnownFileType = sourcecode.c.h; path = NotificationController.h; sourceTree = "<group>"; };
		17B8D9BF1ABC58ED00C31C99 /* NotificationController.m */ = {isa = PBXFileReference; lastKnownFileType = sourcecode.c.objc; path = NotificationController.m; sourceTree = "<group>"; };
		17B8D9C11ABC58ED00C31C99 /* Images.xcassets */ = {isa = PBXFileReference; lastKnownFileType = folder.assetcatalog; path = Images.xcassets; sourceTree = "<group>"; };
		17B8D9C51ABC58ED00C31C99 /* iWatchHelloWorld WatchKit App.app */ = {isa = PBXFileReference; explicitFileType = wrapper.application; includeInIndex = 0; path = "iWatchHelloWorld WatchKit App.app"; sourceTree = BUILT_PRODUCTS_DIR; };
		17B8D9CB1ABC58ED00C31C99 /* Info.plist */ = {isa = PBXFileReference; lastKnownFileType = text.plist.xml; path = Info.plist; sourceTree = "<group>"; };
		17B8D9CD1ABC58EE00C31C99 /* Base */ = {isa = PBXFileReference; lastKnownFileType = file.storyboard; name = Base; path = Base.lproj/Interface.storyboard; sourceTree = "<group>"; };
		17B8D9CF1ABC58EE00C31C99 /* Images.xcassets */ = {isa = PBXFileReference; lastKnownFileType = folder.assetcatalog; path = Images.xcassets; sourceTree = "<group>"; };
		17B8D9DF1ABC5F8000C31C99 /* Screen Shot 2015-03-20 at 7.06.49 pm.png */ = {isa = PBXFileReference; lastKnownFileType = image.png; path = "Screen Shot 2015-03-20 at 7.06.49 pm.png"; sourceTree = "<group>"; };
		17B8D9E01ABC5F8000C31C99 /* Screen Shot 2015-03-20 at 7.07.05 pm.png */ = {isa = PBXFileReference; lastKnownFileType = image.png; path = "Screen Shot 2015-03-20 at 7.07.05 pm.png"; sourceTree = "<group>"; };
/* End PBXFileReference section */

/* Begin PBXFrameworksBuildPhase section */
		17B8D9861ABC58DB00C31C99 /* Frameworks */ = {
			isa = PBXFrameworksBuildPhase;
			buildActionMask = 2147483647;
			files = (
			);
			runOnlyForDeploymentPostprocessing = 0;
		};
		17B8D99F1ABC58DB00C31C99 /* Frameworks */ = {
			isa = PBXFrameworksBuildPhase;
			buildActionMask = 2147483647;
			files = (
			);
			runOnlyForDeploymentPostprocessing = 0;
		};
		17B8D9B31ABC58ED00C31C99 /* Frameworks */ = {
			isa = PBXFrameworksBuildPhase;
			buildActionMask = 2147483647;
			files = (
			);
			runOnlyForDeploymentPostprocessing = 0;
		};
/* End PBXFrameworksBuildPhase section */

/* Begin PBXGroup section */
		17B8D9801ABC58DB00C31C99 = {
			isa = PBXGroup;
			children = (
				17B8D98B1ABC58DB00C31C99 /* iWatchHelloWorld */,
				17B8D9A51ABC58DB00C31C99 /* iWatchHelloWorldTests */,
				17B8D9B71ABC58ED00C31C99 /* iWatchHelloWorld WatchKit Extension */,
				17B8D9C91ABC58ED00C31C99 /* iWatchHelloWorld WatchKit App */,
				17B8D98A1ABC58DB00C31C99 /* Products */,
			);
			sourceTree = "<group>";
		};
		17B8D98A1ABC58DB00C31C99 /* Products */ = {
			isa = PBXGroup;
			children = (
				17B8D9891ABC58DB00C31C99 /* iWatchHelloWorld.app */,
				17B8D9A21ABC58DB00C31C99 /* iWatchHelloWorldTests.xctest */,
				17B8D9B61ABC58ED00C31C99 /* iWatchHelloWorld WatchKit Extension.appex */,
				17B8D9C51ABC58ED00C31C99 /* iWatchHelloWorld WatchKit App.app */,
			);
			name = Products;
			sourceTree = "<group>";
		};
		17B8D98B1ABC58DB00C31C99 /* iWatchHelloWorld */ = {
			isa = PBXGroup;
			children = (
				17B8D9901ABC58DB00C31C99 /* AppDelegate.h */,
				17B8D9911ABC58DB00C31C99 /* AppDelegate.m */,
				17B8D9931ABC58DB00C31C99 /* ViewController.h */,
				17B8D9941ABC58DB00C31C99 /* ViewController.m */,
				17B8D9961ABC58DB00C31C99 /* Main.storyboard */,
				17B8D9991ABC58DB00C31C99 /* Images.xcassets */,
				17B8D99B1ABC58DB00C31C99 /* LaunchScreen.xib */,
				17B8D9DF1ABC5F8000C31C99 /* Screen Shot 2015-03-20 at 7.06.49 pm.png */,
				17B8D9E01ABC5F8000C31C99 /* Screen Shot 2015-03-20 at 7.07.05 pm.png */,
				17B8D98C1ABC58DB00C31C99 /* Supporting Files */,
			);
			path = iWatchHelloWorld;
			sourceTree = "<group>";
		};
		17B8D98C1ABC58DB00C31C99 /* Supporting Files */ = {
			isa = PBXGroup;
			children = (
				17B8D98D1ABC58DB00C31C99 /* Info.plist */,
				17B8D98E1ABC58DB00C31C99 /* main.m */,
			);
			name = "Supporting Files";
			sourceTree = "<group>";
		};
		17B8D9A51ABC58DB00C31C99 /* iWatchHelloWorldTests */ = {
			isa = PBXGroup;
			children = (
				17B8D9A81ABC58DB00C31C99 /* iWatchHelloWorldTests.m */,
				17B8D9A61ABC58DB00C31C99 /* Supporting Files */,
			);
			path = iWatchHelloWorldTests;
			sourceTree = "<group>";
		};
		17B8D9A61ABC58DB00C31C99 /* Supporting Files */ = {
			isa = PBXGroup;
			children = (
				17B8D9A71ABC58DB00C31C99 /* Info.plist */,
			);
			name = "Supporting Files";
			sourceTree = "<group>";
		};
		17B8D9B71ABC58ED00C31C99 /* iWatchHelloWorld WatchKit Extension */ = {
			isa = PBXGroup;
			children = (
				17B8D9BB1ABC58ED00C31C99 /* InterfaceController.h */,
				17B8D9BC1ABC58ED00C31C99 /* InterfaceController.m */,
				17B8D9BE1ABC58ED00C31C99 /* NotificationController.h */,
				17B8D9BF1ABC58ED00C31C99 /* NotificationController.m */,
				17B8D9C11ABC58ED00C31C99 /* Images.xcassets */,
				17B8D9B81ABC58ED00C31C99 /* Supporting Files */,
			);
			path = "iWatchHelloWorld WatchKit Extension";
			sourceTree = "<group>";
		};
		17B8D9B81ABC58ED00C31C99 /* Supporting Files */ = {
			isa = PBXGroup;
			children = (
				17B8D9B91ABC58ED00C31C99 /* Info.plist */,
				17B8D9BA1ABC58ED00C31C99 /* PushNotificationPayload.apns */,
			);
			name = "Supporting Files";
			sourceTree = "<group>";
		};
		17B8D9C91ABC58ED00C31C99 /* iWatchHelloWorld WatchKit App */ = {
			isa = PBXGroup;
			children = (
				17B8D9CC1ABC58EE00C31C99 /* Interface.storyboard */,
				17B8D9CF1ABC58EE00C31C99 /* Images.xcassets */,
				17B8D9CA1ABC58ED00C31C99 /* Supporting Files */,
			);
			path = "iWatchHelloWorld WatchKit App";
			sourceTree = "<group>";
		};
		17B8D9CA1ABC58ED00C31C99 /* Supporting Files */ = {
			isa = PBXGroup;
			children = (
				17B8D9CB1ABC58ED00C31C99 /* Info.plist */,
			);
			name = "Supporting Files";
			sourceTree = "<group>";
		};
/* End PBXGroup section */

/* Begin PBXNativeTarget section */
		17B8D9881ABC58DB00C31C99 /* iWatchHelloWorld */ = {
			isa = PBXNativeTarget;
			buildConfigurationList = 17B8D9AC1ABC58DB00C31C99 /* Build configuration list for PBXNativeTarget "iWatchHelloWorld" */;
			buildPhases = (
				17B8D9851ABC58DB00C31C99 /* Sources */,
				17B8D9861ABC58DB00C31C99 /* Frameworks */,
				17B8D9871ABC58DB00C31C99 /* Resources */,
				17B8D9DA1ABC58EE00C31C99 /* Embed App Extensions */,
			);
			buildRules = (
			);
			dependencies = (
				17B8D9D21ABC58EE00C31C99 /* PBXTargetDependency */,
			);
			name = iWatchHelloWorld;
			productName = iWatchHelloWorld;
			productReference = 17B8D9891ABC58DB00C31C99 /* iWatchHelloWorld.app */;
			productType = "com.apple.product-type.application";
		};
		17B8D9A11ABC58DB00C31C99 /* iWatchHelloWorldTests */ = {
			isa = PBXNativeTarget;
			buildConfigurationList = 17B8D9AF1ABC58DB00C31C99 /* Build configuration list for PBXNativeTarget "iWatchHelloWorldTests" */;
			buildPhases = (
				17B8D99E1ABC58DB00C31C99 /* Sources */,
				17B8D99F1ABC58DB00C31C99 /* Frameworks */,
				17B8D9A01ABC58DB00C31C99 /* Resources */,
			);
			buildRules = (
			);
			dependencies = (
				17B8D9A41ABC58DB00C31C99 /* PBXTargetDependency */,
			);
			name = iWatchHelloWorldTests;
			productName = iWatchHelloWorldTests;
			productReference = 17B8D9A21ABC58DB00C31C99 /* iWatchHelloWorldTests.xctest */;
			productType = "com.apple.product-type.bundle.unit-test";
		};
		17B8D9B51ABC58ED00C31C99 /* iWatchHelloWorld WatchKit Extension */ = {
			isa = PBXNativeTarget;
			buildConfigurationList = 17B8D9D71ABC58EE00C31C99 /* Build configuration list for PBXNativeTarget "iWatchHelloWorld WatchKit Extension" */;
			buildPhases = (
				17B8D9B21ABC58ED00C31C99 /* Sources */,
				17B8D9B31ABC58ED00C31C99 /* Frameworks */,
				17B8D9B41ABC58ED00C31C99 /* Resources */,
			);
			buildRules = (
			);
			dependencies = (
				17B8D9C81ABC58ED00C31C99 /* PBXTargetDependency */,
			);
			name = "iWatchHelloWorld WatchKit Extension";
			productName = "iWatchHelloWorld WatchKit Extension";
			productReference = 17B8D9B61ABC58ED00C31C99 /* iWatchHelloWorld WatchKit Extension.appex */;
			productType = "com.apple.product-type.watchkit-extension";
		};
		17B8D9C41ABC58ED00C31C99 /* iWatchHelloWorld WatchKit App */ = {
			isa = PBXNativeTarget;
			buildConfigurationList = 17B8D9D41ABC58EE00C31C99 /* Build configuration list for PBXNativeTarget "iWatchHelloWorld WatchKit App" */;
			buildPhases = (
				17B8D9C31ABC58ED00C31C99 /* Resources */,
			);
			buildRules = (
			);
			dependencies = (
			);
			name = "iWatchHelloWorld WatchKit App";
			productName = "iWatchHelloWorld WatchKit App";
			productReference = 17B8D9C51ABC58ED00C31C99 /* iWatchHelloWorld WatchKit App.app */;
			productType = "com.apple.product-type.application.watchapp";
		};
/* End PBXNativeTarget section */

/* Begin PBXProject section */
		17B8D9811ABC58DB00C31C99 /* Project object */ = {
			isa = PBXProject;
			attributes = {
				LastUpgradeCheck = 0620;
				ORGANIZATIONNAME = "Vinod Vishwakarma";
				TargetAttributes = {
					17B8D9881ABC58DB00C31C99 = {
						CreatedOnToolsVersion = 6.2;
					};
					17B8D9A11ABC58DB00C31C99 = {
						CreatedOnToolsVersion = 6.2;
						TestTargetID = 17B8D9881ABC58DB00C31C99;
					};
					17B8D9B51ABC58ED00C31C99 = {
						CreatedOnToolsVersion = 6.2;
					};
					17B8D9C41ABC58ED00C31C99 = {
						CreatedOnToolsVersion = 6.2;
					};
				};
			};
			buildConfigurationList = 17B8D9841ABC58DB00C31C99 /* Build configuration list for PBXProject "iWatchHelloWorld" */;
			compatibilityVersion = "Xcode 3.2";
			developmentRegion = English;
			hasScannedForEncodings = 0;
			knownRegions = (
				en,
				Base,
			);
			mainGroup = 17B8D9801ABC58DB00C31C99;
			productRefGroup = 17B8D98A1ABC58DB00C31C99 /* Products */;
			projectDirPath = "";
			projectRoot = "";
			targets = (
				17B8D9881ABC58DB00C31C99 /* iWatchHelloWorld */,
				17B8D9A11ABC58DB00C31C99 /* iWatchHelloWorldTests */,
				17B8D9B51ABC58ED00C31C99 /* iWatchHelloWorld WatchKit Extension */,
				17B8D9C41ABC58ED00C31C99 /* iWatchHelloWorld WatchKit App */,
			);
		};
/* End PBXProject section */

/* Begin PBXResourcesBuildPhase section */
		17B8D9871ABC58DB00C31C99 /* Resources */ = {
			isa = PBXResourcesBuildPhase;
			buildActionMask = 2147483647;
			files = (
				17B8D9E11ABC5F8000C31C99 /* Screen Shot 2015-03-20 at 7.06.49 pm.png in Resources */,
				17B8D9981ABC58DB00C31C99 /* Main.storyboard in Resources */,
				17B8D99D1ABC58DB00C31C99 /* LaunchScreen.xib in Resources */,
				17B8D9E21ABC5F8000C31C99 /* Screen Shot 2015-03-20 at 7.07.05 pm.png in Resources */,
				17B8D99A1ABC58DB00C31C99 /* Images.xcassets in Resources */,
			);
			runOnlyForDeploymentPostprocessing = 0;
		};
		17B8D9A01ABC58DB00C31C99 /* Resources */ = {
			isa = PBXResourcesBuildPhase;
			buildActionMask = 2147483647;
			files = (
			);
			runOnlyForDeploymentPostprocessing = 0;
		};
		17B8D9B41ABC58ED00C31C99 /* Resources */ = {
			isa = PBXResourcesBuildPhase;
			buildActionMask = 2147483647;
			files = (
				17B8D9C61ABC58ED00C31C99 /* iWatchHelloWorld WatchKit App.app in Resources */,
				17B8D9C21ABC58ED00C31C99 /* Images.xcassets in Resources */,
			);
			runOnlyForDeploymentPostprocessing = 0;
		};
		17B8D9C31ABC58ED00C31C99 /* Resources */ = {
			isa = PBXResourcesBuildPhase;
			buildActionMask = 2147483647;
			files = (
				17B8D9CE1ABC58EE00C31C99 /* Interface.storyboard in Resources */,
				17B8D9D01ABC58EE00C31C99 /* Images.xcassets in Resources */,
			);
			runOnlyForDeploymentPostprocessing = 0;
		};
/* End PBXResourcesBuildPhase section */

/* Begin PBXSourcesBuildPhase section */
		17B8D9851ABC58DB00C31C99 /* Sources */ = {
			isa = PBXSourcesBuildPhase;
			buildActionMask = 2147483647;
			files = (
				17B8D9951ABC58DB00C31C99 /* ViewController.m in Sources */,
				17B8D9921ABC58DB00C31C99 /* AppDelegate.m in Sources */,
				17B8D98F1ABC58DB00C31C99 /* main.m in Sources */,
			);
			runOnlyForDeploymentPostprocessing = 0;
		};
		17B8D99E1ABC58DB00C31C99 /* Sources */ = {
			isa = PBXSourcesBuildPhase;
			buildActionMask = 2147483647;
			files = (
				17B8D9A91ABC58DB00C31C99 /* iWatchHelloWorldTests.m in Sources */,
			);
			runOnlyForDeploymentPostprocessing = 0;
		};
		17B8D9B21ABC58ED00C31C99 /* Sources */ = {
			isa = PBXSourcesBuildPhase;
			buildActionMask = 2147483647;
			files = (
				17B8D9C01ABC58ED00C31C99 /* NotificationController.m in Sources */,
				17B8D9BD1ABC58ED00C31C99 /* InterfaceController.m in Sources */,
			);
			runOnlyForDeploymentPostprocessing = 0;
		};
/* End PBXSourcesBuildPhase section */

/* Begin PBXTargetDependency section */
		17B8D9A41ABC58DB00C31C99 /* PBXTargetDependency */ = {
			isa = PBXTargetDependency;
			target = 17B8D9881ABC58DB00C31C99 /* iWatchHelloWorld */;
			targetProxy = 17B8D9A31ABC58DB00C31C99 /* PBXContainerItemProxy */;
		};
		17B8D9C81ABC58ED00C31C99 /* PBXTargetDependency */ = {
			isa = PBXTargetDependency;
			target = 17B8D9C41ABC58ED00C31C99 /* iWatchHelloWorld WatchKit App */;
			targetProxy = 17B8D9C71ABC58ED00C31C99 /* PBXContainerItemProxy */;
		};
		17B8D9D21ABC58EE00C31C99 /* PBXTargetDependency */ = {
			isa = PBXTargetDependency;
			target = 17B8D9B51ABC58ED00C31C99 /* iWatchHelloWorld WatchKit Extension */;
			targetProxy = 17B8D9D11ABC58EE00C31C99 /* PBXContainerItemProxy */;
		};
/* End PBXTargetDependency section */

/* Begin PBXVariantGroup section */
		17B8D9961ABC58DB00C31C99 /* Main.storyboard */ = {
			isa = PBXVariantGroup;
			children = (
				17B8D9971ABC58DB00C31C99 /* Base */,
			);
			name = Main.storyboard;
			sourceTree = "<group>";
		};
		17B8D99B1ABC58DB00C31C99 /* LaunchScreen.xib */ = {
			isa = PBXVariantGroup;
			children = (
				17B8D99C1ABC58DB00C31C99 /* Base */,
			);
			name = LaunchScreen.xib;
			sourceTree = "<group>";
		};
		17B8D9CC1ABC58EE00C31C99 /* Interface.storyboard */ = {
			isa = PBXVariantGroup;
			children = (
				17B8D9CD1ABC58EE00C31C99 /* Base */,
			);
			name = Interface.storyboard;
			sourceTree = "<group>";
		};
/* End PBXVariantGroup section */

/* Begin XCBuildConfiguration section */
		17B8D9AA1ABC58DB00C31C99 /* Debug */ = {
			isa = XCBuildConfiguration;
			buildSettings = {
				ALWAYS_SEARCH_USER_PATHS = NO;
				CLANG_CXX_LANGUAGE_STANDARD = "gnu++0x";
				CLANG_CXX_LIBRARY = "libc++";
				CLANG_ENABLE_MODULES = YES;
				CLANG_ENABLE_OBJC_ARC = YES;
				CLANG_WARN_BOOL_CONVERSION = YES;
				CLANG_WARN_CONSTANT_CONVERSION = YES;
				CLANG_WARN_DIRECT_OBJC_ISA_USAGE = YES_ERROR;
				CLANG_WARN_EMPTY_BODY = YES;
				CLANG_WARN_ENUM_CONVERSION = YES;
				CLANG_WARN_INT_CONVERSION = YES;
				CLANG_WARN_OBJC_ROOT_CLASS = YES_ERROR;
				CLANG_WARN_UNREACHABLE_CODE = YES;
				CLANG_WARN__DUPLICATE_METHOD_MATCH = YES;
				"CODE_SIGN_IDENTITY[sdk=iphoneos*]" = "iPhone Developer";
				COPY_PHASE_STRIP = NO;
				ENABLE_STRICT_OBJC_MSGSEND = YES;
				GCC_C_LANGUAGE_STANDARD = gnu99;
				GCC_DYNAMIC_NO_PIC = NO;
				GCC_OPTIMIZATION_LEVEL = 0;
				GCC_PREPROCESSOR_DEFINITIONS = (
					"DEBUG=1",
					"$(inherited)",
				);
				GCC_SYMBOLS_PRIVATE_EXTERN = NO;
				GCC_WARN_64_TO_32_BIT_CONVERSION = YES;
				GCC_WARN_ABOUT_RETURN_TYPE = YES_ERROR;
				GCC_WARN_UNDECLARED_SELECTOR = YES;
				GCC_WARN_UNINITIALIZED_AUTOS = YES_AGGRESSIVE;
				GCC_WARN_UNUSED_FUNCTION = YES;
				GCC_WARN_UNUSED_VARIABLE = YES;
				IPHONEOS_DEPLOYMENT_TARGET = 8.2;
				MTL_ENABLE_DEBUG_INFO = YES;
				ONLY_ACTIVE_ARCH = YES;
				SDKROOT = iphoneos;
			};
			name = Debug;
		};
		17B8D9AB1ABC58DB00C31C99 /* Release */ = {
			isa = XCBuildConfiguration;
			buildSettings = {
				ALWAYS_SEARCH_USER_PATHS = NO;
				CLANG_CXX_LANGUAGE_STANDARD = "gnu++0x";
				CLANG_CXX_LIBRARY = "libc++";
				CLANG_ENABLE_MODULES = YES;
				CLANG_ENABLE_OBJC_ARC = YES;
				CLANG_WARN_BOOL_CONVERSION = YES;
				CLANG_WARN_CONSTANT_CONVERSION = YES;
				CLANG_WARN_DIRECT_OBJC_ISA_USAGE = YES_ERROR;
				CLANG_WARN_EMPTY_BODY = YES;
				CLANG_WARN_ENUM_CONVERSION = YES;
				CLANG_WARN_INT_CONVERSION = YES;
				CLANG_WARN_OBJC_ROOT_CLASS = YES_ERROR;
				CLANG_WARN_UNREACHABLE_CODE = YES;
				CLANG_WARN__DUPLICATE_METHOD_MATCH = YES;
				"CODE_SIGN_IDENTITY[sdk=iphoneos*]" = "iPhone Developer";
				COPY_PHASE_STRIP = NO;
				ENABLE_NS_ASSERTIONS = NO;
				ENABLE_STRICT_OBJC_MSGSEND = YES;
				GCC_C_LANGUAGE_STANDARD = gnu99;
				GCC_WARN_64_TO_32_BIT_CONVERSION = YES;
				GCC_WARN_ABOUT_RETURN_TYPE = YES_ERROR;
				GCC_WARN_UNDECLARED_SELECTOR = YES;
				GCC_WARN_UNINITIALIZED_AUTOS = YES_AGGRESSIVE;
				GCC_WARN_UNUSED_FUNCTION = YES;
				GCC_WARN_UNUSED_VARIABLE = YES;
				IPHONEOS_DEPLOYMENT_TARGET = 8.2;
				MTL_ENABLE_DEBUG_INFO = NO;
				SDKROOT = iphoneos;
				VALIDATE_PRODUCT = YES;
			};
			name = Release;
		};
		17B8D9AD1ABC58DB00C31C99 /* Debug */ = {
			isa = XCBuildConfiguration;
			buildSettings = {
				ASSETCATALOG_COMPILER_APPICON_NAME = AppIcon;
				INFOPLIST_FILE = iWatchHelloWorld/Info.plist;
				LD_RUNPATH_SEARCH_PATHS = "$(inherited) @executable_path/Frameworks";
				PRODUCT_NAME = "$(TARGET_NAME)";
			};
			name = Debug;
		};
		17B8D9AE1ABC58DB00C31C99 /* Release */ = {
			isa = XCBuildConfiguration;
			buildSettings = {
				ASSETCATALOG_COMPILER_APPICON_NAME = AppIcon;
				INFOPLIST_FILE = iWatchHelloWorld/Info.plist;
				LD_RUNPATH_SEARCH_PATHS = "$(inherited) @executable_path/Frameworks";
				PRODUCT_NAME = "$(TARGET_NAME)";
			};
			name = Release;
		};
		17B8D9B01ABC58DB00C31C99 /* Debug */ = {
			isa = XCBuildConfiguration;
			buildSettings = {
				BUNDLE_LOADER = "$(TEST_HOST)";
				FRAMEWORK_SEARCH_PATHS = (
					"$(SDKROOT)/Developer/Library/Frameworks",
					"$(inherited)",
				);
				GCC_PREPROCESSOR_DEFINITIONS = (
					"DEBUG=1",
					"$(inherited)",
				);
				INFOPLIST_FILE = iWatchHelloWorldTests/Info.plist;
				LD_RUNPATH_SEARCH_PATHS = "$(inherited) @executable_path/Frameworks @loader_path/Frameworks";
				PRODUCT_NAME = "$(TARGET_NAME)";
				TEST_HOST = "$(BUILT_PRODUCTS_DIR)/iWatchHelloWorld.app/iWatchHelloWorld";
			};
			name = Debug;
		};
		17B8D9B11ABC58DB00C31C99 /* Release */ = {
			isa = XCBuildConfiguration;
			buildSettings = {
				BUNDLE_LOADER = "$(TEST_HOST)";
				FRAMEWORK_SEARCH_PATHS = (
					"$(SDKROOT)/Developer/Library/Frameworks",
					"$(inherited)",
				);
				INFOPLIST_FILE = iWatchHelloWorldTests/Info.plist;
				LD_RUNPATH_SEARCH_PATHS = "$(inherited) @executable_path/Frameworks @loader_path/Frameworks";
				PRODUCT_NAME = "$(TARGET_NAME)";
				TEST_HOST = "$(BUILT_PRODUCTS_DIR)/iWatchHelloWorld.app/iWatchHelloWorld";
			};
			name = Release;
		};
		17B8D9D51ABC58EE00C31C99 /* Debug */ = {
			isa = XCBuildConfiguration;
			buildSettings = {
				ASSETCATALOG_COMPILER_APPICON_NAME = AppIcon;
				GCC_PREPROCESSOR_DEFINITIONS = (
					"DEBUG=1",
					"$(inherited)",
				);
				IBSC_MODULE = iWatchHelloWorld_WatchKit_Extension;
				INFOPLIST_FILE = "iWatchHelloWorld WatchKit App/Info.plist";
				PRODUCT_NAME = "$(TARGET_NAME)";
				SKIP_INSTALL = YES;
				TARGETED_DEVICE_FAMILY = 4;
				"TARGETED_DEVICE_FAMILY[sdk=iphonesimulator*]" = "1,4";
			};
			name = Debug;
		};
		17B8D9D61ABC58EE00C31C99 /* Release */ = {
			isa = XCBuildConfiguration;
			buildSettings = {
				ASSETCATALOG_COMPILER_APPICON_NAME = AppIcon;
				IBSC_MODULE = iWatchHelloWorld_WatchKit_Extension;
				INFOPLIST_FILE = "iWatchHelloWorld WatchKit App/Info.plist";
				PRODUCT_NAME = "$(TARGET_NAME)";
				SKIP_INSTALL = YES;
				TARGETED_DEVICE_FAMILY = 4;
				"TARGETED_DEVICE_FAMILY[sdk=iphonesimulator*]" = "1,4";
			};
			name = Release;
		};
		17B8D9D81ABC58EE00C31C99 /* Debug */ = {
			isa = XCBuildConfiguration;
			buildSettings = {
				GCC_PREPROCESSOR_DEFINITIONS = (
					"DEBUG=1",
					"$(inherited)",
				);
				INFOPLIST_FILE = "iWatchHelloWorld WatchKit Extension/Info.plist";
				LD_RUNPATH_SEARCH_PATHS = "$(inherited) @executable_path/Frameworks @executable_path/../../Frameworks";
				PRODUCT_NAME = "${TARGET_NAME}";
				SKIP_INSTALL = YES;
			};
			name = Debug;
		};
		17B8D9D91ABC58EE00C31C99 /* Release */ = {
			isa = XCBuildConfiguration;
			buildSettings = {
				INFOPLIST_FILE = "iWatchHelloWorld WatchKit Extension/Info.plist";
				LD_RUNPATH_SEARCH_PATHS = "$(inherited) @executable_path/Frameworks @executable_path/../../Frameworks";
				PRODUCT_NAME = "${TARGET_NAME}";
				SKIP_INSTALL = YES;
			};
			name = Release;
		};
/* End XCBuildConfiguration section */

/* Begin XCConfigurationList section */
		17B8D9841ABC58DB00C31C99 /* Build configuration list for PBXProject "iWatchHelloWorld" */ = {
			isa = XCConfigurationList;
			buildConfigurations = (
				17B8D9AA1ABC58DB00C31C99 /* Debug */,
				17B8D9AB1ABC58DB00C31C99 /* Release */,
			);
			defaultConfigurationIsVisible = 0;
			defaultConfigurationName = Release;
		};
		17B8D9AC1ABC58DB00C31C99 /* Build configuration list for PBXNativeTarget "iWatchHelloWorld" */ = {
			isa = XCConfigurationList;
			buildConfigurations = (
				17B8D9AD1ABC58DB00C31C99 /* Debug */,
				17B8D9AE1ABC58DB00C31C99 /* Release */,
			);
			defaultConfigurationIsVisible = 0;
			defaultConfigurationName = Release;
		};
		17B8D9AF1ABC58DB00C31C99 /* Build configuration list for PBXNativeTarget "iWatchHelloWorldTests" */ = {
			isa = XCConfigurationList;
			buildConfigurations = (
				17B8D9B01ABC58DB00C31C99 /* Debug */,
				17B8D9B11ABC58DB00C31C99 /* Release */,
			);
			defaultConfigurationIsVisible = 0;
			defaultConfigurationName = Release;
		};
		17B8D9D41ABC58EE00C31C99 /* Build configuration list for PBXNativeTarget "iWatchHelloWorld WatchKit App" */ = {
			isa = XCConfigurationList;
			buildConfigurations = (
				17B8D9D51ABC58EE00C31C99 /* Debug */,
				17B8D9D61ABC58EE00C31C99 /* Release */,
			);
			defaultConfigurationIsVisible = 0;
			defaultConfigurationName = Release;
		};
		17B8D9D71ABC58EE00C31C99 /* Build configuration list for PBXNativeTarget "iWatchHelloWorld WatchKit Extension" */ = {
			isa = XCConfigurationList;
			buildConfigurations = (
				17B8D9D81ABC58EE00C31C99 /* Debug */,
				17B8D9D91ABC58EE00C31C99 /* Release */,
			);
			defaultConfigurationIsVisible = 0;
			defaultConfigurationName = Release;
		};
/* End XCConfigurationList section */
	};
	rootObject = 17B8D9811ABC58DB00C31C99 /* Project object */;
}
